PODS:
  - Expecta (0.2.4)
  - IntentKit (0.7.3):
    - IntentKit/Core (= 0.7.3)
    - IntentKit/Facebook (= 0.7.3)
    - IntentKit/GPlus (= 0.7.3)
    - IntentKit/Mail (= 0.7.3)
    - IntentKit/Maps (= 0.7.3)
    - IntentKit/Twitter (= 0.7.3)
  - IntentKit/Core (0.7.3):
    - MWLayoutHelpers
  - IntentKit/Facebook (0.7.3):
    - IntentKit/Core
  - IntentKit/GPlus (0.7.3):
    - IntentKit/Core
  - IntentKit/Mail (0.7.3):
    - IntentKit/Core
  - IntentKit/Maps (0.7.3):
    - IntentKit/Core
  - IntentKit/Twitter (0.7.3):
    - IntentKit/Core
  - MWLayoutHelpers (1.1.0)
  - OCHamcrest (5.3.0)
  - OCMockito (3.0.1):
    - OCHamcrest (~> 5.1)
  - Specta (0.2.1)

DEPENDENCIES:
  - Expecta (~> 0.2.3)
  - IntentKit (from `.`)
  - MWLayoutHelpers
  - OCMockito (~> 3.0)
  - Specta (~> 0.2.1)

EXTERNAL SOURCES:
  IntentKit:
    :path: "."

SPEC CHECKSUMS:
  Expecta: cfaf1d3e2e194ca704a25e997093d30a1ce70b61
  IntentKit: 7a8af5b98093773105241b335d747d2f00886caf
  MWLayoutHelpers: 8af2eedae30fe06b75106b7be28b9fee1298512a
  OCHamcrest: 14696874144153e924a434742cbca38bdbbd4f25
  OCMockito: 9eee3c61e42f7cb8aa015d66f8cc16849701d973
  Specta: 15a276a6343867b426d5ed135d5aa4d04123a573

PODFILE CHECKSUM: d69ec33d715a5d8f4d16c69a9093c2f853d79dd3

COCOAPODS: 1.0.0
