// !$*UTF8*$!
{
	archiveVersion = 1;
	classes = {
	};
	objectVersion = 46;
	objects = {

/* Begin PBXBuildFile section */
		5F08A354D18647089245CDC6 /* libPods.a in Frameworks */ = {isa = PBXBuildFile; fileRef = 4D175A3D31E9461F80754612 /* libPods.a */; };
		A605C31818623D0F007E6AFE /* INKDefaultsManagerSpec.m in Sources */ = {isa = PBXBuildFile; fileRef = A605C31718623D0F007E6AFE /* INKDefaultsManagerSpec.m */; };
		A6170A6918543FFA0086AC63 /* INKHandlerSpec.m in Sources */ = {isa = PBXBuildFile; fileRef = A6170A6818543FFA0086AC63 /* INKHandlerSpec.m */; };
		A61B5CBD18579B2100BA1F66 /* INKActivityPresenterSpec.m in Sources */ = {isa = PBXBuildFile; fileRef = A61B5CBC18579B2100BA1F66 /* INKActivityPresenterSpec.m */; };
		A61B5CBF18579C3700BA1F66 /* INKViewController.m in Sources */ = {isa = PBXBuildFile; fileRef = A6B73CE4184D38450055C60D /* INKViewController.m */; };
		A61B5CC118579EBC00BA1F66 /* INKActivityViewControllerSpec.m in Sources */ = {isa = PBXBuildFile; fileRef = A61B5CC018579EBC00BA1F66 /* INKActivityViewControllerSpec.m */; };
		A61B5CC71858D19D00BA1F66 /* EXPMatchers+beAValidAction.m in Sources */ = {isa = PBXBuildFile; fileRef = A61B5CC61858D19D00BA1F66 /* EXPMatchers+beAValidAction.m */; };
		A61B5CC91858D4F800BA1F66 /* INKAppPlistLinter.m in Sources */ = {isa = PBXBuildFile; fileRef = A61B5CC81858D4F800BA1F66 /* INKAppPlistLinter.m */; };
		A62938FB18FF417500C78223 /* INKWebViewSpec.m in Sources */ = {isa = PBXBuildFile; fileRef = A62938FA18FF417500C78223 /* INKWebViewSpec.m */; };
		A6474F7F1851418500671B42 /* INKTwitterHandlerSpec.m in Sources */ = {isa = PBXBuildFile; fileRef = A6474F7E1851418500671B42 /* INKTwitterHandlerSpec.m */; };
		A660DD3118513B7F00EFF0E6 /* IntentKit.bundle in Resources */ = {isa = PBXBuildFile; fileRef = A6A16CC81851375000778944 /* IntentKit.bundle */; };
		A66B7E1918C191000062BC4D /* INKDefaultsCellSpec.m in Sources */ = {isa = PBXBuildFile; fileRef = A66B7E1818C191000062BC4D /* INKDefaultsCellSpec.m */; };
		A67693F918BFB10F00D531C2 /* INKDefaultsViewControllerSpec.m in Sources */ = {isa = PBXBuildFile; fileRef = A67693F818BFB10F00D531C2 /* INKDefaultsViewControllerSpec.m */; };
		A6942BB31905F58E00977692 /* INKTweetSheetSpec.m in Sources */ = {isa = PBXBuildFile; fileRef = A6942BB21905F58E00977692 /* INKTweetSheetSpec.m */; };
		A6B73C67184D341E0055C60D /* Foundation.framework in Frameworks */ = {isa = PBXBuildFile; fileRef = A6B73C66184D341E0055C60D /* Foundation.framework */; };
		A6B73C69184D341E0055C60D /* CoreGraphics.framework in Frameworks */ = {isa = PBXBuildFile; fileRef = A6B73C68184D341E0055C60D /* CoreGraphics.framework */; };
		A6B73C6B184D341E0055C60D /* UIKit.framework in Frameworks */ = {isa = PBXBuildFile; fileRef = A6B73C6A184D341E0055C60D /* UIKit.framework */; };
		A6B73C80184D341E0055C60D /* XCTest.framework in Frameworks */ = {isa = PBXBuildFile; fileRef = A6B73C7F184D341E0055C60D /* XCTest.framework */; };
		A6B73C81184D341E0055C60D /* Foundation.framework in Frameworks */ = {isa = PBXBuildFile; fileRef = A6B73C66184D341E0055C60D /* Foundation.framework */; };
		A6B73C82184D341E0055C60D /* UIKit.framework in Frameworks */ = {isa = PBXBuildFile; fileRef = A6B73C6A184D341E0055C60D /* UIKit.framework */; };
		A6B73CE7184D38450055C60D /* main.m in Sources */ = {isa = PBXBuildFile; fileRef = A6B73CDE184D38450055C60D /* main.m */; };
		A6B73CE8184D38450055C60D /* main.m in Sources */ = {isa = PBXBuildFile; fileRef = A6B73CDE184D38450055C60D /* main.m */; };
		A6B73CEB184D38450055C60D /* INKAppDelegate.m in Sources */ = {isa = PBXBuildFile; fileRef = A6B73CE2184D38450055C60D /* INKAppDelegate.m */; };
		A6B73CEC184D38450055C60D /* INKAppDelegate.m in Sources */ = {isa = PBXBuildFile; fileRef = A6B73CE2184D38450055C60D /* INKAppDelegate.m */; };
		A6B73CED184D38450055C60D /* INKViewController.m in Sources */ = {isa = PBXBuildFile; fileRef = A6B73CE4184D38450055C60D /* INKViewController.m */; };
		A6B73CFC184D38650055C60D /* INKActivitySpec.m in Sources */ = {isa = PBXBuildFile; fileRef = A6B73CF3184D38650055C60D /* INKActivitySpec.m */; };
		A6B73CFE184D38650055C60D /* INKHandlerSharedExampleSpec.m in Sources */ = {isa = PBXBuildFile; fileRef = A6B73CF4184D38650055C60D /* INKHandlerSharedExampleSpec.m */; };
		A6B73D00184D38650055C60D /* INKMapsHandlerSpec.m in Sources */ = {isa = PBXBuildFile; fileRef = A6B73CF5184D38650055C60D /* INKMapsHandlerSpec.m */; };
		A6B73D02184D38650055C60D /* INKBrowserHandlerSpec.m in Sources */ = {isa = PBXBuildFile; fileRef = A6B73CF6184D38650055C60D /* INKBrowserHandlerSpec.m */; };
		A6B73D39184D38A90055C60D /* Images.xcassets in Resources */ = {isa = PBXBuildFile; fileRef = A6B73D38184D38A90055C60D /* Images.xcassets */; };
		A6E655B2185FB2B30085F906 /* EXPMatchers+haveAValidName.m in Sources */ = {isa = PBXBuildFile; fileRef = A6E655B1185FB2B30085F906 /* EXPMatchers+haveAValidName.m */; };
		A6E7675D18FDF85100749E0A /* INKMailSheetSpec.m in Sources */ = {isa = PBXBuildFile; fileRef = A6E7675C18FDF85100749E0A /* INKMailSheetSpec.m */; };
		A6E7676118FDF98100749E0A /* UIViewController+Spec.m in Sources */ = {isa = PBXBuildFile; fileRef = A6E7676018FDF98100749E0A /* UIViewController+Spec.m */; };
		D40E4239C6F3475CBA130DAE /* libPods-IntentKitTests.a in Frameworks */ = {isa = PBXBuildFile; fileRef = E19E678BCBB9409FBE1FDD1D /* libPods-IntentKitTests.a */; };
/* End PBXBuildFile section */

/* Begin PBXContainerItemProxy section */
		A6A16CD51851378900778944 /* PBXContainerItemProxy */ = {
			isa = PBXContainerItemProxy;
			containerPortal = A6B73C5B184D341E0055C60D /* Project object */;
			proxyType = 1;
			remoteGlobalIDString = A6A16CC71851375000778944;
			remoteInfo = IntentKit;
		};
		A6B73C83184D341E0055C60D /* PBXContainerItemProxy */ = {
			isa = PBXContainerItemProxy;
			containerPortal = A6B73C5B184D341E0055C60D /* Project object */;
			proxyType = 1;
			remoteGlobalIDString = A6B73C62184D341E0055C60D;
			remoteInfo = OpenInKitDemo;
		};
/* End PBXContainerItemProxy section */

/* Begin PBXFileReference section */
		0CFB950D1860E110006BB1EC /* MessageUI.framework */ = {isa = PBXFileReference; lastKnownFileType = wrapper.framework; name = MessageUI.framework; path = System/Library/Frameworks/MessageUI.framework; sourceTree = SDKROOT; };
		4D175A3D31E9461F80754612 /* libPods.a */ = {isa = PBXFileReference; explicitFileType = archive.ar; includeInIndex = 0; path = libPods.a; sourceTree = BUILT_PRODUCTS_DIR; };
		A605C31718623D0F007E6AFE /* INKDefaultsManagerSpec.m */ = {isa = PBXFileReference; fileEncoding = 4; lastKnownFileType = sourcecode.c.objc; path = INKDefaultsManagerSpec.m; sourceTree = "<group>"; };
		A6170A6818543FFA0086AC63 /* INKHandlerSpec.m */ = {isa = PBXFileReference; fileEncoding = 4; lastKnownFileType = sourcecode.c.objc; lineEnding = 0; path = INKHandlerSpec.m; sourceTree = "<group>"; xcLanguageSpecificationIdentifier = xcode.lang.objc; };
		A61B5CBC18579B2100BA1F66 /* INKActivityPresenterSpec.m */ = {isa = PBXFileReference; fileEncoding = 4; lastKnownFileType = sourcecode.c.objc; lineEnding = 0; path = INKActivityPresenterSpec.m; sourceTree = "<group>"; xcLanguageSpecificationIdentifier = xcode.lang.objc; };
		A61B5CC018579EBC00BA1F66 /* INKActivityViewControllerSpec.m */ = {isa = PBXFileReference; fileEncoding = 4; lastKnownFileType = sourcecode.c.objc; lineEnding = 0; path = INKActivityViewControllerSpec.m; sourceTree = "<group>"; xcLanguageSpecificationIdentifier = xcode.lang.objc; };
		A61B5CC51858D19D00BA1F66 /* EXPMatchers+beAValidAction.h */ = {isa = PBXFileReference; fileEncoding = 4; lastKnownFileType = sourcecode.c.h; lineEnding = 0; name = "EXPMatchers+beAValidAction.h"; path = "Matchers/EXPMatchers+beAValidAction.h"; sourceTree = "<group>"; xcLanguageSpecificationIdentifier = xcode.lang.objcpp; };
		A61B5CC61858D19D00BA1F66 /* EXPMatchers+beAValidAction.m */ = {isa = PBXFileReference; fileEncoding = 4; lastKnownFileType = sourcecode.c.objc; lineEnding = 0; name = "EXPMatchers+beAValidAction.m"; path = "Matchers/EXPMatchers+beAValidAction.m"; sourceTree = "<group>"; xcLanguageSpecificationIdentifier = xcode.lang.objc; };
		A61B5CC81858D4F800BA1F66 /* INKAppPlistLinter.m */ = {isa = PBXFileReference; fileEncoding = 4; lastKnownFileType = sourcecode.c.objc; lineEnding = 0; path = INKAppPlistLinter.m; sourceTree = "<group>"; xcLanguageSpecificationIdentifier = xcode.lang.objc; };
		A62938FA18FF417500C78223 /* INKWebViewSpec.m */ = {isa = PBXFileReference; fileEncoding = 4; lastKnownFileType = sourcecode.c.objc; name = INKWebViewSpec.m; path = INKPresentables/INKWebViewSpec.m; sourceTree = "<group>"; };
		A6474F7618513C5600671B42 /* IntentKitBundle-Info.plist */ = {isa = PBXFileReference; lastKnownFileType = text.plist.xml; name = "IntentKitBundle-Info.plist"; path = "IntentKit/Apps/IntentKitBundle-Info.plist"; sourceTree = "<group>"; };
		A6474F7E1851418500671B42 /* INKTwitterHandlerSpec.m */ = {isa = PBXFileReference; fileEncoding = 4; lastKnownFileType = sourcecode.c.objc; lineEnding = 0; path = INKTwitterHandlerSpec.m; sourceTree = "<group>"; xcLanguageSpecificationIdentifier = xcode.lang.objc; };
		A66B7E1818C191000062BC4D /* INKDefaultsCellSpec.m */ = {isa = PBXFileReference; fileEncoding = 4; lastKnownFileType = sourcecode.c.objc; path = INKDefaultsCellSpec.m; sourceTree = "<group>"; };
		A67693F818BFB10F00D531C2 /* INKDefaultsViewControllerSpec.m */ = {isa = PBXFileReference; fileEncoding = 4; lastKnownFileType = sourcecode.c.objc; path = INKDefaultsViewControllerSpec.m; sourceTree = "<group>"; };
		A67F39D5184EDFE5002EED53 /* Cocoa.framework */ = {isa = PBXFileReference; lastKnownFileType = wrapper.framework; name = Cocoa.framework; path = Library/Frameworks/Cocoa.framework; sourceTree = DEVELOPER_DIR; };
		A67F39D8184EDFE5002EED53 /* Foundation.framework */ = {isa = PBXFileReference; lastKnownFileType = wrapper.framework; name = Foundation.framework; path = Library/Frameworks/Foundation.framework; sourceTree = SDKROOT; };
		A67F39D9184EDFE5002EED53 /* CoreData.framework */ = {isa = PBXFileReference; lastKnownFileType = wrapper.framework; name = CoreData.framework; path = Library/Frameworks/CoreData.framework; sourceTree = SDKROOT; };
		A67F39DA184EDFE5002EED53 /* AppKit.framework */ = {isa = PBXFileReference; lastKnownFileType = wrapper.framework; name = AppKit.framework; path = Library/Frameworks/AppKit.framework; sourceTree = SDKROOT; };
		A693CC7DFE3240DB77220442 /* Pods.debug.xcconfig */ = {isa = PBXFileReference; includeInIndex = 1; lastKnownFileType = text.xcconfig; name = Pods.debug.xcconfig; path = "Pods/Target Support Files/Pods/Pods.debug.xcconfig"; sourceTree = "<group>"; };
		A6942BB21905F58E00977692 /* INKTweetSheetSpec.m */ = {isa = PBXFileReference; fileEncoding = 4; lastKnownFileType = sourcecode.c.objc; name = INKTweetSheetSpec.m; path = INKPresentables/INKTweetSheetSpec.m; sourceTree = "<group>"; };
		A6A16CC81851375000778944 /* IntentKit.bundle */ = {isa = PBXFileReference; explicitFileType = wrapper.cfbundle; includeInIndex = 0; path = IntentKit.bundle; sourceTree = BUILT_PRODUCTS_DIR; };
		A6B73C63184D341E0055C60D /* IntentKitDemo.app */ = {isa = PBXFileReference; explicitFileType = wrapper.application; includeInIndex = 0; path = IntentKitDemo.app; sourceTree = BUILT_PRODUCTS_DIR; };
		A6B73C66184D341E0055C60D /* Foundation.framework */ = {isa = PBXFileReference; lastKnownFileType = wrapper.framework; name = Foundation.framework; path = System/Library/Frameworks/Foundation.framework; sourceTree = SDKROOT; };
		A6B73C68184D341E0055C60D /* CoreGraphics.framework */ = {isa = PBXFileReference; lastKnownFileType = wrapper.framework; name = CoreGraphics.framework; path = System/Library/Frameworks/CoreGraphics.framework; sourceTree = SDKROOT; };
		A6B73C6A184D341E0055C60D /* UIKit.framework */ = {isa = PBXFileReference; lastKnownFileType = wrapper.framework; name = UIKit.framework; path = System/Library/Frameworks/UIKit.framework; sourceTree = SDKROOT; };
		A6B73C7E184D341E0055C60D /* IntentKitDemoTests.xctest */ = {isa = PBXFileReference; explicitFileType = wrapper.cfbundle; includeInIndex = 0; path = IntentKitDemoTests.xctest; sourceTree = BUILT_PRODUCTS_DIR; };
		A6B73C7F184D341E0055C60D /* XCTest.framework */ = {isa = PBXFileReference; lastKnownFileType = wrapper.framework; name = XCTest.framework; path = Library/Frameworks/XCTest.framework; sourceTree = DEVELOPER_DIR; };
		A6B73CDD184D38450055C60D /* en */ = {isa = PBXFileReference; lastKnownFileType = text.plist.strings; name = en; path = en.lproj/InfoPlist.strings; sourceTree = "<group>"; };
		A6B73CDE184D38450055C60D /* main.m */ = {isa = PBXFileReference; fileEncoding = 4; lastKnownFileType = sourcecode.c.objc; lineEnding = 0; path = main.m; sourceTree = "<group>"; xcLanguageSpecificationIdentifier = xcode.lang.objc; };
		A6B73CDF184D38450055C60D /* IntentKitDemo-Info.plist */ = {isa = PBXFileReference; fileEncoding = 4; lastKnownFileType = text.plist.xml; path = "IntentKitDemo-Info.plist"; sourceTree = "<group>"; };
		A6B73CE0184D38450055C60D /* IntentKitDemo-Prefix.pch */ = {isa = PBXFileReference; fileEncoding = 4; lastKnownFileType = sourcecode.c.h; path = "IntentKitDemo-Prefix.pch"; sourceTree = "<group>"; };
		A6B73CE1184D38450055C60D /* INKAppDelegate.h */ = {isa = PBXFileReference; fileEncoding = 4; lastKnownFileType = sourcecode.c.h; lineEnding = 0; path = INKAppDelegate.h; sourceTree = "<group>"; xcLanguageSpecificationIdentifier = xcode.lang.objcpp; };
		A6B73CE2184D38450055C60D /* INKAppDelegate.m */ = {isa = PBXFileReference; fileEncoding = 4; lastKnownFileType = sourcecode.c.objc; lineEnding = 0; path = INKAppDelegate.m; sourceTree = "<group>"; xcLanguageSpecificationIdentifier = xcode.lang.objc; };
		A6B73CE3184D38450055C60D /* INKViewController.h */ = {isa = PBXFileReference; fileEncoding = 4; lastKnownFileType = sourcecode.c.h; lineEnding = 0; path = INKViewController.h; sourceTree = "<group>"; xcLanguageSpecificationIdentifier = xcode.lang.objcpp; };
		A6B73CE4184D38450055C60D /* INKViewController.m */ = {isa = PBXFileReference; fileEncoding = 4; lastKnownFileType = sourcecode.c.objc; lineEnding = 0; path = INKViewController.m; sourceTree = "<group>"; xcLanguageSpecificationIdentifier = xcode.lang.objc; };
		A6B73CF1184D38650055C60D /* en */ = {isa = PBXFileReference; lastKnownFileType = text.plist.strings; name = en; path = en.lproj/InfoPlist.strings; sourceTree = "<group>"; };
		A6B73CF2184D38650055C60D /* IntentKitTests-Info.plist */ = {isa = PBXFileReference; fileEncoding = 4; lastKnownFileType = text.plist.xml; path = "IntentKitTests-Info.plist"; sourceTree = "<group>"; };
		A6B73CF3184D38650055C60D /* INKActivitySpec.m */ = {isa = PBXFileReference; fileEncoding = 4; lastKnownFileType = sourcecode.c.objc; lineEnding = 0; path = INKActivitySpec.m; sourceTree = "<group>"; xcLanguageSpecificationIdentifier = xcode.lang.objc; };
		A6B73CF4184D38650055C60D /* INKHandlerSharedExampleSpec.m */ = {isa = PBXFileReference; fileEncoding = 4; lastKnownFileType = sourcecode.c.objc; lineEnding = 0; path = INKHandlerSharedExampleSpec.m; sourceTree = "<group>"; xcLanguageSpecificationIdentifier = xcode.lang.objc; };
		A6B73CF5184D38650055C60D /* INKMapsHandlerSpec.m */ = {isa = PBXFileReference; fileEncoding = 4; lastKnownFileType = sourcecode.c.objc; lineEnding = 0; path = INKMapsHandlerSpec.m; sourceTree = "<group>"; xcLanguageSpecificationIdentifier = xcode.lang.objc; };
		A6B73CF6184D38650055C60D /* INKBrowserHandlerSpec.m */ = {isa = PBXFileReference; fileEncoding = 4; lastKnownFileType = sourcecode.c.objc; lineEnding = 0; path = INKBrowserHandlerSpec.m; sourceTree = "<group>"; xcLanguageSpecificationIdentifier = xcode.lang.objc; };
		A6B73D38184D38A90055C60D /* Images.xcassets */ = {isa = PBXFileReference; lastKnownFileType = folder.assetcatalog; path = Images.xcassets; sourceTree = "<group>"; };
		A6E655B0185FB2B30085F906 /* EXPMatchers+haveAValidName.h */ = {isa = PBXFileReference; fileEncoding = 4; lastKnownFileType = sourcecode.c.h; name = "EXPMatchers+haveAValidName.h"; path = "Matchers/EXPMatchers+haveAValidName.h"; sourceTree = "<group>"; };
		A6E655B1185FB2B30085F906 /* EXPMatchers+haveAValidName.m */ = {isa = PBXFileReference; fileEncoding = 4; lastKnownFileType = sourcecode.c.objc; name = "EXPMatchers+haveAValidName.m"; path = "Matchers/EXPMatchers+haveAValidName.m"; sourceTree = "<group>"; };
		A6E7675C18FDF85100749E0A /* INKMailSheetSpec.m */ = {isa = PBXFileReference; fileEncoding = 4; lastKnownFileType = sourcecode.c.objc; name = INKMailSheetSpec.m; path = INKPresentables/INKMailSheetSpec.m; sourceTree = "<group>"; };
		A6E7675F18FDF98100749E0A /* UIViewController+Spec.h */ = {isa = PBXFileReference; fileEncoding = 4; lastKnownFileType = sourcecode.c.h; name = "UIViewController+Spec.h"; path = "Helpers/UIViewController+Spec.h"; sourceTree = "<group>"; };
		A6E7676018FDF98100749E0A /* UIViewController+Spec.m */ = {isa = PBXFileReference; fileEncoding = 4; lastKnownFileType = sourcecode.c.objc; name = "UIViewController+Spec.m"; path = "Helpers/UIViewController+Spec.m"; sourceTree = "<group>"; };
		ADA03402BC031023D51599B3 /* Pods-IntentKitTests.debug.xcconfig */ = {isa = PBXFileReference; includeInIndex = 1; lastKnownFileType = text.xcconfig; name = "Pods-IntentKitTests.debug.xcconfig"; path = "Pods/Target Support Files/Pods-IntentKitTests/Pods-IntentKitTests.debug.xcconfig"; sourceTree = "<group>"; };
		C6AAA3836BF05FC4A2C0A07D /* Pods.release.xcconfig */ = {isa = PBXFileReference; includeInIndex = 1; lastKnownFileType = text.xcconfig; name = Pods.release.xcconfig; path = "Pods/Target Support Files/Pods/Pods.release.xcconfig"; sourceTree = "<group>"; };
		E10F6DFA474458AD1A88B38E /* Pods-IntentKitTests.release.xcconfig */ = {isa = PBXFileReference; includeInIndex = 1; lastKnownFileType = text.xcconfig; name = "Pods-IntentKitTests.release.xcconfig"; path = "Pods/Target Support Files/Pods-IntentKitTests/Pods-IntentKitTests.release.xcconfig"; sourceTree = "<group>"; };
		E19E678BCBB9409FBE1FDD1D /* libPods-IntentKitTests.a */ = {isa = PBXFileReference; explicitFileType = archive.ar; includeInIndex = 0; path = "libPods-IntentKitTests.a"; sourceTree = BUILT_PRODUCTS_DIR; };
/* End PBXFileReference section */

/* Begin PBXFrameworksBuildPhase section */
		A6A16CC51851375000778944 /* Frameworks */ = {
			isa = PBXFrameworksBuildPhase;
			buildActionMask = 2147483647;
			files = (
			);
			runOnlyForDeploymentPostprocessing = 0;
		};
		A6B73C60184D341E0055C60D /* Frameworks */ = {
			isa = PBXFrameworksBuildPhase;
			buildActionMask = 2147483647;
			files = (
				A6B73C69184D341E0055C60D /* CoreGraphics.framework in Frameworks */,
				A6B73C6B184D341E0055C60D /* UIKit.framework in Frameworks */,
				A6B73C67184D341E0055C60D /* Foundation.framework in Frameworks */,
				5F08A354D18647089245CDC6 /* libPods.a in Frameworks */,
			);
			runOnlyForDeploymentPostprocessing = 0;
		};
		A6B73C7B184D341E0055C60D /* Frameworks */ = {
			isa = PBXFrameworksBuildPhase;
			buildActionMask = 2147483647;
			files = (
				A6B73C80184D341E0055C60D /* XCTest.framework in Frameworks */,
				A6B73C82184D341E0055C60D /* UIKit.framework in Frameworks */,
				A6B73C81184D341E0055C60D /* Foundation.framework in Frameworks */,
				D40E4239C6F3475CBA130DAE /* libPods-IntentKitTests.a in Frameworks */,
			);
			runOnlyForDeploymentPostprocessing = 0;
		};
/* End PBXFrameworksBuildPhase section */

/* Begin PBXGroup section */
		A61B5CCA1858D53D00BA1F66 /* Matchers */ = {
			isa = PBXGroup;
			children = (
				A61B5CC51858D19D00BA1F66 /* EXPMatchers+beAValidAction.h */,
				A61B5CC61858D19D00BA1F66 /* EXPMatchers+beAValidAction.m */,
				A6E655B0185FB2B30085F906 /* EXPMatchers+haveAValidName.h */,
				A6E655B1185FB2B30085F906 /* EXPMatchers+haveAValidName.m */,
			);
			name = Matchers;
			sourceTree = "<group>";
		};
		A67F39D7184EDFE5002EED53 /* Other Frameworks */ = {
			isa = PBXGroup;
			children = (
				A67F39D8184EDFE5002EED53 /* Foundation.framework */,
				A67F39D9184EDFE5002EED53 /* CoreData.framework */,
				A67F39DA184EDFE5002EED53 /* AppKit.framework */,
			);
			name = "Other Frameworks";
			sourceTree = "<group>";
		};
		A6B73C5A184D341E0055C60D = {
			isa = PBXGroup;
			children = (
				A6474F7618513C5600671B42 /* IntentKitBundle-Info.plist */,
				A6B73CEF184D38650055C60D /* IntentKitTests */,
				A6B73CDB184D38450055C60D /* IntentKitDemo */,
				A6B73C65184D341E0055C60D /* Frameworks */,
				A6B73C64184D341E0055C60D /* Products */,
				BDBBCC19F730F981E3685F49 /* Pods */,
			);
			sourceTree = "<group>";
		};
		A6B73C64184D341E0055C60D /* Products */ = {
			isa = PBXGroup;
			children = (
				A6B73C63184D341E0055C60D /* IntentKitDemo.app */,
				A6B73C7E184D341E0055C60D /* IntentKitDemoTests.xctest */,
				A6A16CC81851375000778944 /* IntentKit.bundle */,
			);
			name = Products;
			sourceTree = "<group>";
		};
		A6B73C65184D341E0055C60D /* Frameworks */ = {
			isa = PBXGroup;
			children = (
				0CFB950D1860E110006BB1EC /* MessageUI.framework */,
				A6B73C66184D341E0055C60D /* Foundation.framework */,
				A6B73C68184D341E0055C60D /* CoreGraphics.framework */,
				A6B73C6A184D341E0055C60D /* UIKit.framework */,
				A6B73C7F184D341E0055C60D /* XCTest.framework */,
				E19E678BCBB9409FBE1FDD1D /* libPods-IntentKitTests.a */,
				4D175A3D31E9461F80754612 /* libPods.a */,
				A67F39D5184EDFE5002EED53 /* Cocoa.framework */,
				A67F39D7184EDFE5002EED53 /* Other Frameworks */,
			);
			name = Frameworks;
			sourceTree = "<group>";
		};
		A6B73CDB184D38450055C60D /* IntentKitDemo */ = {
			isa = PBXGroup;
			children = (
				A6B73CDC184D38450055C60D /* InfoPlist.strings */,
				A6B73CDE184D38450055C60D /* main.m */,
				A6B73CDF184D38450055C60D /* IntentKitDemo-Info.plist */,
				A6B73CE0184D38450055C60D /* IntentKitDemo-Prefix.pch */,
				A6B73CE1184D38450055C60D /* INKAppDelegate.h */,
				A6B73CE2184D38450055C60D /* INKAppDelegate.m */,
				A6B73CE3184D38450055C60D /* INKViewController.h */,
				A6B73CE4184D38450055C60D /* INKViewController.m */,
				A6B73D38184D38A90055C60D /* Images.xcassets */,
			);
			path = IntentKitDemo;
			sourceTree = "<group>";
		};
		A6B73CEF184D38650055C60D /* IntentKitTests */ = {
			isa = PBXGroup;
			children = (
				A6E7675E18FDF96F00749E0A /* Helpers */,
				A6E7675B18FDF83700749E0A /* INKPresentables */,
				A61B5CCA1858D53D00BA1F66 /* Matchers */,
				A6B73CF0184D38650055C60D /* InfoPlist.strings */,
				A6B73CF2184D38650055C60D /* IntentKitTests-Info.plist */,
				A6474F7E1851418500671B42 /* INKTwitterHandlerSpec.m */,
				A6B73CF3184D38650055C60D /* INKActivitySpec.m */,
				A6B73CF4184D38650055C60D /* INKHandlerSharedExampleSpec.m */,
				A6B73CF5184D38650055C60D /* INKMapsHandlerSpec.m */,
				A6B73CF6184D38650055C60D /* INKBrowserHandlerSpec.m */,
				A6170A6818543FFA0086AC63 /* INKHandlerSpec.m */,
				A61B5CBC18579B2100BA1F66 /* INKActivityPresenterSpec.m */,
				A61B5CC018579EBC00BA1F66 /* INKActivityViewControllerSpec.m */,
				A61B5CC81858D4F800BA1F66 /* INKAppPlistLinter.m */,
				A605C31718623D0F007E6AFE /* INKDefaultsManagerSpec.m */,
				A67693F818BFB10F00D531C2 /* INKDefaultsViewControllerSpec.m */,
				A66B7E1818C191000062BC4D /* INKDefaultsCellSpec.m */,
			);
			path = IntentKitTests;
			sourceTree = "<group>";
		};
		A6E7675B18FDF83700749E0A /* INKPresentables */ = {
			isa = PBXGroup;
			children = (
				A6E7675C18FDF85100749E0A /* INKMailSheetSpec.m */,
				A62938FA18FF417500C78223 /* INKWebViewSpec.m */,
				A6942BB21905F58E00977692 /* INKTweetSheetSpec.m */,
			);
			name = INKPresentables;
			sourceTree = "<group>";
		};
		A6E7675E18FDF96F00749E0A /* Helpers */ = {
			isa = PBXGroup;
			children = (
				A6E7675F18FDF98100749E0A /* UIViewController+Spec.h */,
				A6E7676018FDF98100749E0A /* UIViewController+Spec.m */,
			);
			name = Helpers;
			sourceTree = "<group>";
		};
		BDBBCC19F730F981E3685F49 /* Pods */ = {
			isa = PBXGroup;
			children = (
				A693CC7DFE3240DB77220442 /* Pods.debug.xcconfig */,
				C6AAA3836BF05FC4A2C0A07D /* Pods.release.xcconfig */,
				ADA03402BC031023D51599B3 /* Pods-IntentKitTests.debug.xcconfig */,
				E10F6DFA474458AD1A88B38E /* Pods-IntentKitTests.release.xcconfig */,
			);
			name = Pods;
			sourceTree = "<group>";
		};
/* End PBXGroup section */

/* Begin PBXNativeTarget section */
		A6A16CC71851375000778944 /* IntentKit */ = {
			isa = PBXNativeTarget;
			buildConfigurationList = A6A16CD11851375000778944 /* Build configuration list for PBXNativeTarget "IntentKit" */;
			buildPhases = (
				A6A16CC41851375000778944 /* Sources */,
				A6A16CC51851375000778944 /* Frameworks */,
				A660DD2C185138E800EFF0E6 /* ShellScript */,
			);
			buildRules = (
			);
			dependencies = (
			);
			name = IntentKit;
			productName = IntentKitBundle;
			productReference = A6A16CC81851375000778944 /* IntentKit.bundle */;
			productType = "com.apple.product-type.bundle";
		};
		A6B73C62184D341E0055C60D /* IntentKitDemo */ = {
			isa = PBXNativeTarget;
			buildConfigurationList = A6B73C8F184D341E0055C60D /* Build configuration list for PBXNativeTarget "IntentKitDemo" */;
			buildPhases = (
				8B19D2BFC4234EA5B2770355 /* Check Pods Manifest.lock */,
				A6B73C5F184D341E0055C60D /* Sources */,
				A6B73C61184D341E0055C60D /* Resources */,
				A6B73C60184D341E0055C60D /* Frameworks */,
				464BAE7D844E4BB7B84CAACE /* Copy Pods Resources */,
			);
			buildRules = (
			);
			dependencies = (
				A6A16CD61851378900778944 /* PBXTargetDependency */,
			);
			name = IntentKitDemo;
			productName = OpenInKitDemo;
			productReference = A6B73C63184D341E0055C60D /* IntentKitDemo.app */;
			productType = "com.apple.product-type.application";
		};
		A6B73C7D184D341E0055C60D /* IntentKitTests */ = {
			isa = PBXNativeTarget;
			buildConfigurationList = A6B73C92184D341E0055C60D /* Build configuration list for PBXNativeTarget "IntentKitTests" */;
			buildPhases = (
				BB3370C53A97476F89F3441C /* Check Pods Manifest.lock */,
				A6B73C7A184D341E0055C60D /* Sources */,
				A6B73C7B184D341E0055C60D /* Frameworks */,
				A6B73C7C184D341E0055C60D /* Resources */,
				51B52ECD75E547B2B61EFA91 /* Copy Pods Resources */,
			);
			buildRules = (
			);
			dependencies = (
				A6B73C84184D341E0055C60D /* PBXTargetDependency */,
			);
			name = IntentKitTests;
			productName = OpenInKitDemoTests;
			productReference = A6B73C7E184D341E0055C60D /* IntentKitDemoTests.xctest */;
			productType = "com.apple.product-type.bundle.unit-test";
		};
/* End PBXNativeTarget section */

/* Begin PBXProject section */
		A6B73C5B184D341E0055C60D /* Project object */ = {
			isa = PBXProject;
			attributes = {
				CLASSPREFIX = INK;
				LastUpgradeCheck = 0500;
				ORGANIZATIONNAME = "Mike Walker";
				TargetAttributes = {
					A6B73C62184D341E0055C60D = {
						DevelopmentTeam = 48WB56AE4K;
					};
					A6B73C7D184D341E0055C60D = {
						TestTargetID = A6B73C62184D341E0055C60D;
					};
				};
			};
			buildConfigurationList = A6B73C5E184D341E0055C60D /* Build configuration list for PBXProject "IntentKitDemo" */;
			compatibilityVersion = "Xcode 3.2";
			developmentRegion = English;
			hasScannedForEncodings = 0;
			knownRegions = (
				en,
			);
			mainGroup = A6B73C5A184D341E0055C60D;
			productRefGroup = A6B73C64184D341E0055C60D /* Products */;
			projectDirPath = "";
			projectRoot = "";
			targets = (
				A6B73C62184D341E0055C60D /* IntentKitDemo */,
				A6B73C7D184D341E0055C60D /* IntentKitTests */,
				A6A16CC71851375000778944 /* IntentKit */,
			);
		};
/* End PBXProject section */

/* Begin PBXResourcesBuildPhase section */
		A6B73C61184D341E0055C60D /* Resources */ = {
			isa = PBXResourcesBuildPhase;
			buildActionMask = 2147483647;
			files = (
				A660DD3118513B7F00EFF0E6 /* IntentKit.bundle in Resources */,
				A6B73D39184D38A90055C60D /* Images.xcassets in Resources */,
			);
			runOnlyForDeploymentPostprocessing = 0;
		};
		A6B73C7C184D341E0055C60D /* Resources */ = {
			isa = PBXResourcesBuildPhase;
			buildActionMask = 2147483647;
			files = (
			);
			runOnlyForDeploymentPostprocessing = 0;
		};
/* End PBXResourcesBuildPhase section */

/* Begin PBXShellScriptBuildPhase section */
		464BAE7D844E4BB7B84CAACE /* Copy Pods Resources */ = {
			isa = PBXShellScriptBuildPhase;
			buildActionMask = 2147483647;
			files = (
			);
			inputPaths = (
			);
			name = "Copy Pods Resources";
			outputPaths = (
			);
			runOnlyForDeploymentPostprocessing = 0;
			shellPath = /bin/sh;
			shellScript = "\"${SRCROOT}/Pods/Target Support Files/Pods/Pods-resources.sh\"\n";
			showEnvVarsInLog = 0;
		};
		51B52ECD75E547B2B61EFA91 /* Copy Pods Resources */ = {
			isa = PBXShellScriptBuildPhase;
			buildActionMask = 2147483647;
			files = (
			);
			inputPaths = (
			);
			name = "Copy Pods Resources";
			outputPaths = (
			);
			runOnlyForDeploymentPostprocessing = 0;
			shellPath = /bin/sh;
			shellScript = "\"${SRCROOT}/Pods/Target Support Files/Pods-IntentKitTests/Pods-IntentKitTests-resources.sh\"\n";
			showEnvVarsInLog = 0;
		};
		8B19D2BFC4234EA5B2770355 /* Check Pods Manifest.lock */ = {
			isa = PBXShellScriptBuildPhase;
			buildActionMask = 2147483647;
			files = (
			);
			inputPaths = (
			);
			name = "Check Pods Manifest.lock";
			outputPaths = (
			);
			runOnlyForDeploymentPostprocessing = 0;
			shellPath = /bin/sh;
			shellScript = "diff \"${PODS_ROOT}/../Podfile.lock\" \"${PODS_ROOT}/Manifest.lock\" > /dev/null\nif [[ $? != 0 ]] ; then\n    cat << EOM\nerror: The sandbox is not in sync with the Podfile.lock. Run 'pod install' or update your CocoaPods installation.\nEOM\n    exit 1\nfi\n";
			showEnvVarsInLog = 0;
		};
		A660DD2C185138E800EFF0E6 /* ShellScript */ = {
			isa = PBXShellScriptBuildPhase;
			buildActionMask = 2147483647;
			files = (
			);
			inputPaths = (
			);
			outputPaths = (
			);
			runOnlyForDeploymentPostprocessing = 0;
			shellPath = /bin/sh;
			shellScript = "find -L ${SRCROOT}/IntentKit/Apps \\\n-type f -not -name \".*\" \\\n| xargs -t -I {} \\\ncp {} ${CONFIGURATION_BUILD_DIR}/${UNLOCALIZED_RESOURCES_FOLDER_PATH}/\n\nfind -L ${SRCROOT}/IntentKit/Images \\\n-type f -not -name \".*\" \\\n| xargs -t -I {} \\\ncp {} ${CONFIGURATION_BUILD_DIR}/${UNLOCALIZED_RESOURCES_FOLDER_PATH}/";
		};
		BB3370C53A97476F89F3441C /* Check Pods Manifest.lock */ = {
			isa = PBXShellScriptBuildPhase;
			buildActionMask = 2147483647;
			files = (
			);
			inputPaths = (
			);
			name = "Check Pods Manifest.lock";
			outputPaths = (
			);
			runOnlyForDeploymentPostprocessing = 0;
			shellPath = /bin/sh;
			shellScript = "diff \"${PODS_ROOT}/../Podfile.lock\" \"${PODS_ROOT}/Manifest.lock\" > /dev/null\nif [[ $? != 0 ]] ; then\n    cat << EOM\nerror: The sandbox is not in sync with the Podfile.lock. Run 'pod install' or update your CocoaPods installation.\nEOM\n    exit 1\nfi\n";
			showEnvVarsInLog = 0;
		};
/* End PBXShellScriptBuildPhase section */

/* Begin PBXSourcesBuildPhase section */
		A6A16CC41851375000778944 /* Sources */ = {
			isa = PBXSourcesBuildPhase;
			buildActionMask = 2147483647;
			files = (
			);
			runOnlyForDeploymentPostprocessing = 0;
		};
		A6B73C5F184D341E0055C60D /* Sources */ = {
			isa = PBXSourcesBuildPhase;
			buildActionMask = 2147483647;
			files = (
				A6B73CEB184D38450055C60D /* INKAppDelegate.m in Sources */,
				A6B73CE7184D38450055C60D /* main.m in Sources */,
				A6B73CED184D38450055C60D /* INKViewController.m in Sources */,
			);
			runOnlyForDeploymentPostprocessing = 0;
		};
		A6B73C7A184D341E0055C60D /* Sources */ = {
			isa = PBXSourcesBuildPhase;
			buildActionMask = 2147483647;
			files = (
				A6E655B2185FB2B30085F906 /* EXPMatchers+haveAValidName.m in Sources */,
				A605C31818623D0F007E6AFE /* INKDefaultsManagerSpec.m in Sources */,
				A6B73D02184D38650055C60D /* INKBrowserHandlerSpec.m in Sources */,
				A6170A6918543FFA0086AC63 /* INKHandlerSpec.m in Sources */,
				A6474F7F1851418500671B42 /* INKTwitterHandlerSpec.m in Sources */,
				A6B73CE8184D38450055C60D /* main.m in Sources */,
				A6E7675D18FDF85100749E0A /* INKMailSheetSpec.m in Sources */,
				A6E7676118FDF98100749E0A /* UIViewController+Spec.m in Sources */,
				A61B5CBF18579C3700BA1F66 /* INKViewController.m in Sources */,
				A62938FB18FF417500C78223 /* INKWebViewSpec.m in Sources */,
				A67693F918BFB10F00D531C2 /* INKDefaultsViewControllerSpec.m in Sources */,
				A6B73CFC184D38650055C60D /* INKActivitySpec.m in Sources */,
				A6B73CFE184D38650055C60D /* INKHandlerSharedExampleSpec.m in Sources */,
				A6B73D00184D38650055C60D /* INKMapsHandlerSpec.m in Sources */,
				A61B5CC91858D4F800BA1F66 /* INKAppPlistLinter.m in Sources */,
				A6942BB31905F58E00977692 /* INKTweetSheetSpec.m in Sources */,
				A61B5CC71858D19D00BA1F66 /* EXPMatchers+beAValidAction.m in Sources */,
				A61B5CC118579EBC00BA1F66 /* INKActivityViewControllerSpec.m in Sources */,
				A66B7E1918C191000062BC4D /* INKDefaultsCellSpec.m in Sources */,
				A61B5CBD18579B2100BA1F66 /* INKActivityPresenterSpec.m in Sources */,
				A6B73CEC184D38450055C60D /* INKAppDelegate.m in Sources */,
			);
			runOnlyForDeploymentPostprocessing = 0;
		};
/* End PBXSourcesBuildPhase section */

/* Begin PBXTargetDependency section */
		A6A16CD61851378900778944 /* PBXTargetDependency */ = {
			isa = PBXTargetDependency;
			target = A6A16CC71851375000778944 /* IntentKit */;
			targetProxy = A6A16CD51851378900778944 /* PBXContainerItemProxy */;
		};
		A6B73C84184D341E0055C60D /* PBXTargetDependency */ = {
			isa = PBXTargetDependency;
			target = A6B73C62184D341E0055C60D /* IntentKitDemo */;
			targetProxy = A6B73C83184D341E0055C60D /* PBXContainerItemProxy */;
		};
/* End PBXTargetDependency section */

/* Begin PBXVariantGroup section */
		A6B73CDC184D38450055C60D /* InfoPlist.strings */ = {
			isa = PBXVariantGroup;
			children = (
				A6B73CDD184D38450055C60D /* en */,
			);
			name = InfoPlist.strings;
			sourceTree = "<group>";
		};
		A6B73CF0184D38650055C60D /* InfoPlist.strings */ = {
			isa = PBXVariantGroup;
			children = (
				A6B73CF1184D38650055C60D /* en */,
			);
			name = InfoPlist.strings;
			sourceTree = "<group>";
		};
/* End PBXVariantGroup section */

/* Begin XCBuildConfiguration section */
		A6A16CD21851375000778944 /* Debug */ = {
			isa = XCBuildConfiguration;
			buildSettings = {
				COMBINE_HIDPI_IMAGES = YES;
				FRAMEWORK_SEARCH_PATHS = (
					"$(inherited)",
					"$(DEVELOPER_FRAMEWORKS_DIR)",
				);
				GCC_ENABLE_OBJC_EXCEPTIONS = YES;
				GCC_PRECOMPILE_PREFIX_HEADER = YES;
				GCC_PREFIX_HEADER = "IntentKit/IntentKit-Prefix.pch";
				GCC_PREPROCESSOR_DEFINITIONS = (
					"DEBUG=1",
					"$(inherited)",
				);
				INFOPLIST_FILE = "IntentKit/Apps/IntentKitBundle-Info.plist";
				INSTALL_PATH = "$(LOCAL_LIBRARY_DIR)/Bundles";
				MACOSX_DEPLOYMENT_TARGET = 10.9;
				PRODUCT_NAME = "$(TARGET_NAME)";
				SDKROOT = iphoneos7.0;
				WRAPPER_EXTENSION = bundle;
			};
			name = Debug;
		};
		A6A16CD31851375000778944 /* Release */ = {
			isa = XCBuildConfiguration;
			buildSettings = {
				COMBINE_HIDPI_IMAGES = YES;
				DEBUG_INFORMATION_FORMAT = "dwarf-with-dsym";
				FRAMEWORK_SEARCH_PATHS = (
					"$(inherited)",
					"$(DEVELOPER_FRAMEWORKS_DIR)",
				);
				GCC_ENABLE_OBJC_EXCEPTIONS = YES;
				GCC_PRECOMPILE_PREFIX_HEADER = YES;
				GCC_PREFIX_HEADER = "IntentKit/IntentKit-Prefix.pch";
				INFOPLIST_FILE = "IntentKit/Apps/IntentKitBundle-Info.plist";
				INSTALL_PATH = "$(LOCAL_LIBRARY_DIR)/Bundles";
				MACOSX_DEPLOYMENT_TARGET = 10.9;
				PRODUCT_NAME = "$(TARGET_NAME)";
				SDKROOT = iphoneos7.0;
				WRAPPER_EXTENSION = bundle;
			};
			name = Release;
		};
		A6B73C8D184D341E0055C60D /* Debug */ = {
			isa = XCBuildConfiguration;
			buildSettings = {
				ALWAYS_SEARCH_USER_PATHS = NO;
				ARCHS = "$(ARCHS_STANDARD_INCLUDING_64_BIT)";
				CLANG_CXX_LANGUAGE_STANDARD = "gnu++0x";
				CLANG_CXX_LIBRARY = "libc++";
				CLANG_ENABLE_MODULES = YES;
				CLANG_ENABLE_OBJC_ARC = YES;
				CLANG_WARN_BOOL_CONVERSION = YES;
				CLANG_WARN_CONSTANT_CONVERSION = YES;
				CLANG_WARN_DIRECT_OBJC_ISA_USAGE = YES_ERROR;
				CLANG_WARN_EMPTY_BODY = YES;
				CLANG_WARN_ENUM_CONVERSION = YES;
				CLANG_WARN_INT_CONVERSION = YES;
				CLANG_WARN_OBJC_ROOT_CLASS = YES_ERROR;
				CLANG_WARN__DUPLICATE_METHOD_MATCH = YES;
				"CODE_SIGN_IDENTITY[sdk=iphoneos*]" = "iPhone Developer";
				COPY_PHASE_STRIP = NO;
				GCC_C_LANGUAGE_STANDARD = gnu99;
				GCC_DYNAMIC_NO_PIC = NO;
				GCC_OPTIMIZATION_LEVEL = 0;
				GCC_PREPROCESSOR_DEFINITIONS = (
					"DEBUG=1",
					"$(inherited)",
				);
				GCC_SYMBOLS_PRIVATE_EXTERN = NO;
				GCC_WARN_64_TO_32_BIT_CONVERSION = YES;
				GCC_WARN_ABOUT_RETURN_TYPE = YES_ERROR;
				GCC_WARN_UNDECLARED_SELECTOR = YES;
				GCC_WARN_UNINITIALIZED_AUTOS = YES;
				GCC_WARN_UNUSED_FUNCTION = YES;
				GCC_WARN_UNUSED_VARIABLE = YES;
				IPHONEOS_DEPLOYMENT_TARGET = 7.0;
				ONLY_ACTIVE_ARCH = YES;
				SDKROOT = iphoneos;
				TARGETED_DEVICE_FAMILY = "1,2";
			};
			name = Debug;
		};
		A6B73C8E184D341E0055C60D /* Release */ = {
			isa = XCBuildConfiguration;
			buildSettings = {
				ALWAYS_SEARCH_USER_PATHS = NO;
				ARCHS = "$(ARCHS_STANDARD_INCLUDING_64_BIT)";
				CLANG_CXX_LANGUAGE_STANDARD = "gnu++0x";
				CLANG_CXX_LIBRARY = "libc++";
				CLANG_ENABLE_MODULES = YES;
				CLANG_ENABLE_OBJC_ARC = YES;
				CLANG_WARN_BOOL_CONVERSION = YES;
				CLANG_WARN_CONSTANT_CONVERSION = YES;
				CLANG_WARN_DIRECT_OBJC_ISA_USAGE = YES_ERROR;
				CLANG_WARN_EMPTY_BODY = YES;
				CLANG_WARN_ENUM_CONVERSION = YES;
				CLANG_WARN_INT_CONVERSION = YES;
				CLANG_WARN_OBJC_ROOT_CLASS = YES_ERROR;
				CLANG_WARN__DUPLICATE_METHOD_MATCH = YES;
				"CODE_SIGN_IDENTITY[sdk=iphoneos*]" = "iPhone Developer";
				COPY_PHASE_STRIP = YES;
				ENABLE_NS_ASSERTIONS = NO;
				GCC_C_LANGUAGE_STANDARD = gnu99;
				GCC_WARN_64_TO_32_BIT_CONVERSION = YES;
				GCC_WARN_ABOUT_RETURN_TYPE = YES_ERROR;
				GCC_WARN_UNDECLARED_SELECTOR = YES;
				GCC_WARN_UNINITIALIZED_AUTOS = YES;
				GCC_WARN_UNUSED_FUNCTION = YES;
				GCC_WARN_UNUSED_VARIABLE = YES;
				IPHONEOS_DEPLOYMENT_TARGET = 7.0;
				SDKROOT = iphoneos;
				TARGETED_DEVICE_FAMILY = "1,2";
				VALIDATE_PRODUCT = YES;
			};
			name = Release;
		};
		A6B73C90184D341E0055C60D /* Debug */ = {
			isa = XCBuildConfiguration;
			baseConfigurationReference = A693CC7DFE3240DB77220442 /* Pods.debug.xcconfig */;
			buildSettings = {
				ASSETCATALOG_COMPILER_APPICON_NAME = AppIcon;
				ASSETCATALOG_COMPILER_LAUNCHIMAGE_NAME = LaunchImage;
				CODE_SIGN_IDENTITY = "iPhone Developer";
				"CODE_SIGN_IDENTITY[sdk=iphoneos*]" = "iPhone Developer";
				GCC_PRECOMPILE_PREFIX_HEADER = YES;
				GCC_PREFIX_HEADER = "IntentKitDemo/IntentKitDemo-Prefix.pch";
				GCC_TREAT_WARNINGS_AS_ERRORS = NO;
				INFOPLIST_FILE = "$(SRCROOT)/IntentKit/Apps/IntentKitBundle-Info.plist";
				PRODUCT_NAME = IntentKitDemo;
				PROVISIONING_PROFILE = "";
				WRAPPER_EXTENSION = app;
			};
			name = Debug;
		};
		A6B73C91184D341E0055C60D /* Release */ = {
			isa = XCBuildConfiguration;
			baseConfigurationReference = C6AAA3836BF05FC4A2C0A07D /* Pods.release.xcconfig */;
			buildSettings = {
				ASSETCATALOG_COMPILER_APPICON_NAME = AppIcon;
				ASSETCATALOG_COMPILER_LAUNCHIMAGE_NAME = LaunchImage;
				CODE_SIGN_IDENTITY = "iPhone Developer";
				"CODE_SIGN_IDENTITY[sdk=iphoneos*]" = "iPhone Developer";
				GCC_PRECOMPILE_PREFIX_HEADER = YES;
				GCC_PREFIX_HEADER = "IntentKitDemo/IntentKitDemo-Prefix.pch";
				GCC_TREAT_WARNINGS_AS_ERRORS = NO;
				INFOPLIST_FILE = "$(SRCROOT)/IntentKit/Apps/IntentKitBundle-Info.plist";
				PRODUCT_NAME = IntentKitDemo;
				PROVISIONING_PROFILE = "";
				WRAPPER_EXTENSION = app;
			};
			name = Release;
		};
		A6B73C93184D341E0055C60D /* Debug */ = {
			isa = XCBuildConfiguration;
			baseConfigurationReference = ADA03402BC031023D51599B3 /* Pods-IntentKitTests.debug.xcconfig */;
			buildSettings = {
				ARCHS = "$(ARCHS_STANDARD_INCLUDING_64_BIT)";
				BUNDLE_LOADER = "$(BUILT_PRODUCTS_DIR)/IntentKitDemo.app/IntentKitDemo";
				FRAMEWORK_SEARCH_PATHS = (
					"$(SDKROOT)/Developer/Library/Frameworks",
					"$(inherited)",
					"$(DEVELOPER_FRAMEWORKS_DIR)",
				);
				GCC_PRECOMPILE_PREFIX_HEADER = YES;
				GCC_PREFIX_HEADER = "IntentKitDemo/IntentKitDemo-Prefix.pch";
				GCC_PREPROCESSOR_DEFINITIONS = (
					"DEBUG=1",
					"$(inherited)",
				);
				INFOPLIST_FILE = "IntentKitTests/IntentKitTests-Info.plist";
				PRODUCT_NAME = IntentKitDemoTests;
				TEST_HOST = "$(BUNDLE_LOADER)";
				WRAPPER_EXTENSION = xctest;
			};
			name = Debug;
		};
		A6B73C94184D341E0055C60D /* Release */ = {
			isa = XCBuildConfiguration;
			baseConfigurationReference = E10F6DFA474458AD1A88B38E /* Pods-IntentKitTests.release.xcconfig */;
			buildSettings = {
				ARCHS = "$(ARCHS_STANDARD_INCLUDING_64_BIT)";
				BUNDLE_LOADER = "$(BUILT_PRODUCTS_DIR)/IntentKitDemo.app/IntentKitDemo";
				FRAMEWORK_SEARCH_PATHS = (
					"$(SDKROOT)/Developer/Library/Frameworks",
					"$(inherited)",
					"$(DEVELOPER_FRAMEWORKS_DIR)",
				);
				GCC_PRECOMPILE_PREFIX_HEADER = YES;
				GCC_PREFIX_HEADER = "IntentKitDemo/IntentKitDemo-Prefix.pch";
				INFOPLIST_FILE = "IntentKitTests/IntentKitTests-Info.plist";
				PRODUCT_NAME = IntentKitDemoTests;
				TEST_HOST = "$(BUNDLE_LOADER)";
				WRAPPER_EXTENSION = xctest;
			};
			name = Release;
		};
/* End XCBuildConfiguration section */

/* Begin XCConfigurationList section */
		A6A16CD11851375000778944 /* Build configuration list for PBXNativeTarget "IntentKit" */ = {
			isa = XCConfigurationList;
			buildConfigurations = (
				A6A16CD21851375000778944 /* Debug */,
				A6A16CD31851375000778944 /* Release */,
			);
			defaultConfigurationIsVisible = 0;
			defaultConfigurationName = Release;
		};
		A6B73C5E184D341E0055C60D /* Build configuration list for PBXProject "IntentKitDemo" */ = {
			isa = XCConfigurationList;
			buildConfigurations = (
				A6B73C8D184D341E0055C60D /* Debug */,
				A6B73C8E184D341E0055C60D /* Release */,
			);
			defaultConfigurationIsVisible = 0;
			defaultConfigurationName = Release;
		};
		A6B73C8F184D341E0055C60D /* Build configuration list for PBXNativeTarget "IntentKitDemo" */ = {
			isa = XCConfigurationList;
			buildConfigurations = (
				A6B73C90184D341E0055C60D /* Debug */,
				A6B73C91184D341E0055C60D /* Release */,
			);
			defaultConfigurationIsVisible = 0;
			defaultConfigurationName = Release;
		};
		A6B73C92184D341E0055C60D /* Build configuration list for PBXNativeTarget "IntentKitTests" */ = {
			isa = XCConfigurationList;
			buildConfigurations = (
				A6B73C93184D341E0055C60D /* Debug */,
				A6B73C94184D341E0055C60D /* Release */,
			);
			defaultConfigurationIsVisible = 0;
			defaultConfigurationName = Release;
		};
/* End XCConfigurationList section */
	};
	rootObject = A6B73C5B184D341E0055C60D /* Project object */;
}
